
Microsoft Visual Studio Solution File, Format Version 12.00
# Visual Studio Version 16
VisualStudioVersion = 16.0.31313.79
MinimumVisualStudioVersion = 10.0.40219.1
Project("{FAE04EC0-301F-11D3-BF4B-00C04F79EFBC}") = "FIAP.Grupo4.Vagao1.IoT", "FIAP.Grupo4.Vagao1.IoT\FIAP.Grupo4.Vagao1.IoT.csproj", "{D401D770-C74D-43CD-BF3F-52FD11A422A0}"
EndProject
Project("{FAE04EC0-301F-11D3-BF4B-00C04F79EFBC}") = "FIAP.Grupo4.Vagao2.IoT", "FIAP.Grupo4.Vagao2.IoT\FIAP.Grupo4.Vagao2.IoT.csproj", "{A5C4390A-82E5-4BCA-8E3F-A1D89336AC22}"
EndProject
Project("{FAE04EC0-301F-11D3-BF4B-00C04F79EFBC}") = "FIAP.Grupo4.Vagao3.IoT", "FIAP.Grupo4.Vagao3.IoT\FIAP.Grupo4.Vagao3.IoT.csproj", "{1C8EB45B-229B-445D-9A47-1E6B5802D02C}"
EndProject
Project("{FAE04EC0-301F-11D3-BF4B-00C04F79EFBC}") = "FIAP.Grupo4.Function.IoT", "FIAP.Grupo4.Function.IoT\FIAP.Grupo4.Function.IoT.csproj", "{3DBEEEAC-3001-4F5F-8604-3EFBE230AB6C}"
EndProject
Project("{FAE04EC0-301F-11D3-BF4B-00C04F79EFBC}") = "FIAP.Grupo4.Domain.IoT", "FIAP.Grupo4.Domain.IoT\FIAP.Grupo4.Domain.IoT.csproj", "{4B53AFA3-2389-4CA9-9C2B-7C86F945701E}"
EndProject
Global
	GlobalSection(SolutionConfigurationPlatforms) = preSolution
		Debug|Any CPU = Debug|Any CPU
		Release|Any CPU = Release|Any CPU
	EndGlobalSection
	GlobalSection(ProjectConfigurationPlatforms) = postSolution
		{D401D770-C74D-43CD-BF3F-52FD11A422A0}.Debug|Any CPU.ActiveCfg = Debug|Any CPU
		{D401D770-C74D-43CD-BF3F-52FD11A422A0}.Debug|Any CPU.Build.0 = Debug|Any CPU
		{D401D770-C74D-43CD-BF3F-52FD11A422A0}.Release|Any CPU.ActiveCfg = Release|Any CPU
		{D401D770-C74D-43CD-BF3F-52FD11A422A0}.Release|Any CPU.Build.0 = Release|Any CPU
		{A5C4390A-82E5-4BCA-8E3F-A1D89336AC22}.Debug|Any CPU.ActiveCfg = Debug|Any CPU
		{A5C4390A-82E5-4BCA-8E3F-A1D89336AC22}.Debug|Any CPU.Build.0 = Debug|Any CPU
		{A5C4390A-82E5-4BCA-8E3F-A1D89336AC22}.Release|Any CPU.ActiveCfg = Release|Any CPU
		{A5C4390A-82E5-4BCA-8E3F-A1D89336AC22}.Release|Any CPU.Build.0 = Release|Any CPU
		{1C8EB45B-229B-445D-9A47-1E6B5802D02C}.Debug|Any CPU.ActiveCfg = Debug|Any CPU
		{1C8EB45B-229B-445D-9A47-1E6B5802D02C}.Debug|Any CPU.Build.0 = Debug|Any CPU
		{1C8EB45B-229B-445D-9A47-1E6B5802D02C}.Release|Any CPU.ActiveCfg = Release|Any CPU
		{1C8EB45B-229B-445D-9A47-1E6B5802D02C}.Release|Any CPU.Build.0 = Release|Any CPU
		{3DBEEEAC-3001-4F5F-8604-3EFBE230AB6C}.Debug|Any CPU.ActiveCfg = Debug|Any CPU
		{3DBEEEAC-3001-4F5F-8604-3EFBE230AB6C}.Debug|Any CPU.Build.0 = Debug|Any CPU
		{3DBEEEAC-3001-4F5F-8604-3EFBE230AB6C}.Release|Any CPU.ActiveCfg = Release|Any CPU
		{3DBEEEAC-3001-4F5F-8604-3EFBE230AB6C}.Release|Any CPU.Build.0 = Release|Any CPU
		{4B53AFA3-2389-4CA9-9C2B-7C86F945701E}.Debug|Any CPU.ActiveCfg = Debug|Any CPU
		{4B53AFA3-2389-4CA9-9C2B-7C86F945701E}.Debug|Any CPU.Build.0 = Debug|Any CPU
		{4B53AFA3-2389-4CA9-9C2B-7C86F945701E}.Release|Any CPU.ActiveCfg = Release|Any CPU
		{4B53AFA3-2389-4CA9-9C2B-7C86F945701E}.Release|Any CPU.Build.0 = Release|Any CPU
	EndGlobalSection
	GlobalSection(SolutionProperties) = preSolution
		HideSolutionNode = FALSE
	EndGlobalSection
	GlobalSection(ExtensibilityGlobals) = postSolution
		SolutionGuid = {47115198-B42B-41CD-B453-CE08FCAC027E}
	EndGlobalSection
EndGlobal
